{
  "name": "@titus.popovici/starter-kit",
  "version": "1.0.9",
  "lockfileVersion": 1,
  "requires": true,
  "dependencies": {
    "@popperjs/core": {
      "version": "2.11.6",
      "resolved": "https://registry.npmjs.org/@popperjs/core/-/core-2.11.6.tgz",
      "integrity": "sha512-50/17A98tWUfQ176raKiOGXuYpLyyVMkxxG6oylzL3BPOlA6ADGdK7EYunSa4I064xerltq9TGXs8HmOk5E+vw=="
    },
    "@tiptap/core": {
      "version": "2.0.0-beta.199",
      "resolved": "https://registry.npmjs.org/@tiptap/core/-/core-2.0.0-beta.199.tgz",
      "integrity": "sha512-34GaXcBEmNFjW1R7nf1LSmOHo3Q81YjKqvLAXjDLLG7MTx+YTrQ4yWwUvMsZtmi4o/FchUzrs1NVCfr571Zxzg==",
      "requires": {
        "prosemirror-commands": "^1.3.1",
        "prosemirror-keymap": "^1.2.0",
        "prosemirror-model": "^1.18.1",
        "prosemirror-schema-list": "^1.2.2",
        "prosemirror-state": "^1.4.1",
        "prosemirror-transform": "^1.7.0",
        "prosemirror-view": "^1.28.2"
      }
    },
    "@tiptap/extension-bold": {
      "version": "2.0.0-beta.199",
      "resolved": "https://registry.npmjs.org/@tiptap/extension-bold/-/extension-bold-2.0.0-beta.199.tgz",
      "integrity": "sha512-l513jgGLmt8C69Yuh5Et7a46Tn8QpW4q1HhZK6ih0ajNT+L5Xk0CSxEK/K5EmHSACPhwqjsJztLpGjAdoOn0mA=="
    },
    "@tiptap/extension-bullet-list": {
      "version": "2.0.0-beta.199",
      "resolved": "https://registry.npmjs.org/@tiptap/extension-bullet-list/-/extension-bullet-list-2.0.0-beta.199.tgz",
      "integrity": "sha512-gGRQRqdQqCZQstB3ztSy8yzIdm5/5IIYxhCuFNb3Z9c9p/CzyRmaNqa7XkRLrXSajp4lS0OH8RkFUJqL6U+/9w=="
    },
    "@tiptap/extension-code": {
      "version": "2.0.0-beta.199",
      "resolved": "https://registry.npmjs.org/@tiptap/extension-code/-/extension-code-2.0.0-beta.199.tgz",
      "integrity": "sha512-P1U/xYD0MLT7JU2OHb3QoW7+JiPZXizFG/gTYmAHQV/gLH87cmflI7pPnloBdTkeIF0Q/cd6sSd75V9FxR4XJA=="
    },
    "@tiptap/extension-code-block": {
      "version": "2.0.0-beta.199",
      "resolved": "https://registry.npmjs.org/@tiptap/extension-code-block/-/extension-code-block-2.0.0-beta.199.tgz",
      "integrity": "sha512-ZfftYE1kHA2pD46hXDkeYd1vuxp3bJLS854B2yHfw1cp3JVDjMXzm4Mzg7zLfr+YV1dT/N/fUfdCg38fqEUCyA==",
      "requires": {
        "prosemirror-state": "^1.4.1"
      }
    },
    "@tiptap/extension-document": {
      "version": "2.0.0-beta.199",
      "resolved": "https://registry.npmjs.org/@tiptap/extension-document/-/extension-document-2.0.0-beta.199.tgz",
      "integrity": "sha512-l/3k9N2O4wIMQoN/SM3aIBwOhZ2KRxQoqGJfsbAUUwBURBDiT4N2VZaNiJC/w3xCVQXIxHSIlqtm9ZBcZeiH/Q=="
    },
    "@tiptap/extension-dropcursor": {
      "version": "2.0.0-beta.199",
      "resolved": "https://registry.npmjs.org/@tiptap/extension-dropcursor/-/extension-dropcursor-2.0.0-beta.199.tgz",
      "integrity": "sha512-RhdYm0yBJxVLECaHWsZcBIwRJUoUqZ79jvs+kUVodxHW4+IxRAgEA+lImr0GD+kk8aX5Mrk8YhWuUUeu5nzpTg==",
      "requires": {
        "prosemirror-dropcursor": "1.5.0"
      }
    },
    "@tiptap/extension-gapcursor": {
      "version": "2.0.0-beta.199",
      "resolved": "https://registry.npmjs.org/@tiptap/extension-gapcursor/-/extension-gapcursor-2.0.0-beta.199.tgz",
      "integrity": "sha512-0TDpDfDyay+IbD+wJMsBJ2c0Cq0NtllUOxbi0NPjjWW94Jrvs1yqUSzX4Qp9m5MW8qP24IV6krgZBM1JyQc6ng==",
      "requires": {
        "prosemirror-gapcursor": "^1.3.1"
      }
    },
    "@tiptap/extension-heading": {
      "version": "2.0.0-beta.199",
      "resolved": "https://registry.npmjs.org/@tiptap/extension-heading/-/extension-heading-2.0.0-beta.199.tgz",
      "integrity": "sha512-WGQ7ET2TBpldrD8JX37OXHXq05LU3OWItIVBs9nKGh4otZTUwPtwfOyMlFfA+IMfQif+ilwLGvUC6EHOw/LwxQ=="
    },
    "@tiptap/extension-history": {
      "version": "2.0.0-beta.199",
      "resolved": "https://registry.npmjs.org/@tiptap/extension-history/-/extension-history-2.0.0-beta.199.tgz",
      "integrity": "sha512-oZMjKHFqqZuUuf0+IG5+OoKw9DIGilG+v8cm2JK9XnxF5CxF6HIXNDWl3552wRIA+Ro7fBRJEJ//hfJzp0Uhjw==",
      "requires": {
        "prosemirror-history": "^1.3.0"
      }
    },
    "@tiptap/extension-horizontal-rule": {
      "version": "2.0.0-beta.199",
      "resolved": "https://registry.npmjs.org/@tiptap/extension-horizontal-rule/-/extension-horizontal-rule-2.0.0-beta.199.tgz",
      "integrity": "sha512-ISQndGiC6Y3+Ds3OJHKa2iB7s4FkRQxn8US/Hhj4yK7DOifoykLOrgDghwLu0H0dSM8KNb9caYEtmj64vDogNg==",
      "requires": {
        "prosemirror-state": "^1.4.1"
      }
    },
    "@tiptap/extension-image": {
      "version": "2.0.0-beta.199",
      "resolved": "https://registry.npmjs.org/@tiptap/extension-image/-/extension-image-2.0.0-beta.199.tgz",
      "integrity": "sha512-prmFRXdJucUeWVhSprrPfcn9pAtYkzm57N8WOUlVad5ocdeR9aMz9+0u0akb5v6XhaVAQgWqwqNb0Kx8lSuqhA=="
    },
    "@tiptap/extension-italic": {
      "version": "2.0.0-beta.199",
      "resolved": "https://registry.npmjs.org/@tiptap/extension-italic/-/extension-italic-2.0.0-beta.199.tgz",
      "integrity": "sha512-jaYJr5ZMxU2swK6h1XJr6Wb1LlWOWbvsX/wo59iZ9KVv1AHiKZlCMcWGThy4aoAs/CUT11pB8qbzyOO163LHZg=="
    },
    "@tiptap/extension-link": {
      "version": "2.0.0-beta.199",
      "resolved": "https://registry.npmjs.org/@tiptap/extension-link/-/extension-link-2.0.0-beta.199.tgz",
      "integrity": "sha512-zwXDg+zsHhn2a4rJkFd/pND4zUfJ2RCgyrkBqAL+nimSiknaSsIw4NpnZTZFWze9i3NDcc2BNngDNovoEIEukg==",
      "requires": {
        "linkifyjs": "^3.0.5",
        "prosemirror-model": "^1.18.1",
        "prosemirror-state": "^1.4.1"
      }
    },
    "@tiptap/extension-list-item": {
      "version": "2.0.0-beta.199",
      "resolved": "https://registry.npmjs.org/@tiptap/extension-list-item/-/extension-list-item-2.0.0-beta.199.tgz",
      "integrity": "sha512-rzcz5MJgoX1M9M9e1iruyRxcwYyYmdCXsl9gB8hhJYh4R+AW1peRmHJ3vVX5oPZXg/tXOMTv/or2x8v30c9tJw=="
    },
    "@tiptap/extension-ordered-list": {
      "version": "2.0.0-beta.199",
      "resolved": "https://registry.npmjs.org/@tiptap/extension-ordered-list/-/extension-ordered-list-2.0.0-beta.199.tgz",
      "integrity": "sha512-ciQhBRtNUudQyCgvQKRZ1WbV7Q9IZP82GHEsk+wScZgI0SsrGY8pnfJT7CyF8aPIjkQkccozKVTbyMrjBOqWSw=="
    },
    "@tiptap/extension-paragraph": {
      "version": "2.0.0-beta.199",
      "resolved": "https://registry.npmjs.org/@tiptap/extension-paragraph/-/extension-paragraph-2.0.0-beta.199.tgz",
      "integrity": "sha512-+BoMCaxlsHqw065zTUNd+ywkvFJzNKbTY461/AlKX2dgHeaO8doXHDQK+9icOpibQvrKaMhOJmuBTgGlJlUUgw=="
    },
    "@tiptap/extension-placeholder": {
      "version": "2.0.0-beta.199",
      "resolved": "https://registry.npmjs.org/@tiptap/extension-placeholder/-/extension-placeholder-2.0.0-beta.199.tgz",
      "integrity": "sha512-Tdq0r9XQ6hcu4ASvw2Xko6h8uS/xONmMmOFiTkK/54REB3RRQpkdCtXrhFn/T4DunJVBf6FUOLTjYN3SONhuew==",
      "requires": {
        "prosemirror-model": "^1.18.1",
        "prosemirror-state": "^1.4.1",
        "prosemirror-view": "^1.28.2"
      }
    },
    "@tiptap/extension-strike": {
      "version": "2.0.0-beta.199",
      "resolved": "https://registry.npmjs.org/@tiptap/extension-strike/-/extension-strike-2.0.0-beta.199.tgz",
      "integrity": "sha512-KyN5+d9o9FGvrSiSuh81oo4+XjMDsZVY4UHc9lBY0nAzaGAkJOwkCjk40RfyO5ZJ2GdEEQ6Nh/3YqVMcJTY+rA=="
    },
    "@tiptap/extension-task-item": {
      "version": "2.0.0-beta.199",
      "resolved": "https://registry.npmjs.org/@tiptap/extension-task-item/-/extension-task-item-2.0.0-beta.199.tgz",
      "integrity": "sha512-dvMgXr4B/V8dYvksLtbby3R2wM9zk3xdkOBuohTLQuRq73dK12Bh/h5xrl4cey8i/2tQBWgUfFiGVPsEUJjQCQ=="
    },
    "@tiptap/extension-task-list": {
      "version": "2.0.0-beta.199",
      "resolved": "https://registry.npmjs.org/@tiptap/extension-task-list/-/extension-task-list-2.0.0-beta.199.tgz",
      "integrity": "sha512-//1bw2Wd4IYKxYLw3iaxBcd0/iFw1Jwc/Q1j41oBc5QTZDuRxhEO/5Gjy1UmEZsWhsH39bS2za4uMBX4DbHBUQ=="
    },
    "@tiptap/extension-text": {
      "version": "2.0.0-beta.199",
      "resolved": "https://registry.npmjs.org/@tiptap/extension-text/-/extension-text-2.0.0-beta.199.tgz",
      "integrity": "sha512-ntOqEhkBjDHrdzxvpPe4U1JB5GgE9/yyWqWdgzSL9lpSndRTJN1xQLOmyuv0qsLqOgBHn1YITHvaxPb3t8FrFw=="
    },
    "@titus.popovici/codeblock": {
      "version": "1.0.8",
      "resolved": "https://registry.npmjs.org/@titus.popovici/codeblock/-/codeblock-1.0.8.tgz",
      "integrity": "sha512-5gLYfMQyVoU3Et8Xy6ff93lQY3x1KLh81y1A0nLS3YxLrvHCTv8CckG2i3suYD/CfgDtewubp7MC5cBcBNU+1w==",
      "requires": {
        "@tiptap/core": "^2.0.0-beta.199",
        "@tiptap/extension-code-block": "^2.0.0-beta.199",
        "lowlight": "^2.4.1",
        "prosemirror-model": "^1.18.1",
        "prosemirror-state": "^1.4.1",
        "prosemirror-view": "^1.28.2"
      }
    },
    "@titus.popovici/contextual-bubble-menu": {
      "version": "1.0.8",
      "resolved": "https://registry.npmjs.org/@titus.popovici/contextual-bubble-menu/-/contextual-bubble-menu-1.0.8.tgz",
      "integrity": "sha512-gkc+EygSRtJbdWvCopa5pF4wd1zWSsGsCCh/3sN4AJ1b0nEyVajs7DTVf+lVNyes5LS8jd+OXQcUyYgRhszJlw==",
      "requires": {
        "@tiptap/core": "^2.0.0-beta.199",
        "prosemirror-state": "^1.4.1",
        "prosemirror-view": "^1.28.2",
        "tippy.js": "^6.3.7"
      }
    },
    "@titus.popovici/highlight": {
      "version": "1.0.8",
      "resolved": "https://registry.npmjs.org/@titus.popovici/highlight/-/highlight-1.0.8.tgz",
      "integrity": "sha512-VC52AUhLMTQTP797LktvdnQ8PUljv4QeUIQ8A9YxvDn92IOh/KpkEvfVw0pk2C00SxOUWFWilAJoZKIDxp5oUA==",
      "requires": {
        "@tiptap/core": "^2.0.0-beta.199"
      }
    },
    "@titus.popovici/image": {
      "version": "1.0.8",
      "resolved": "https://registry.npmjs.org/@titus.popovici/image/-/image-1.0.8.tgz",
      "integrity": "sha512-j85wh6h84j5+Gr2s/po0bQnUZVkoC4YOVRmY8GwfmKtb538w6r5mvKXAOoWHqzk35BiQ4zUpYZLVoh8ifSeJGg==",
      "requires": {
        "@tiptap/core": "^2.0.0-beta.199",
        "@tiptap/extension-image": "^2.0.0-beta.199"
      }
    },
    "@types/hast": {
      "version": "2.3.4",
      "resolved": "https://registry.npmjs.org/@types/hast/-/hast-2.3.4.tgz",
      "integrity": "sha512-wLEm0QvaoawEDoTRwzTXp4b4jpwiJDvR5KMnFnVodm3scufTlBOWRD6N1OBf9TZMhjlNsSfcO5V+7AF4+Vy+9g==",
      "requires": {
        "@types/unist": "*"
      }
    },
    "@types/unist": {
      "version": "2.0.6",
      "resolved": "https://registry.npmjs.org/@types/unist/-/unist-2.0.6.tgz",
      "integrity": "sha512-PBjIUxZHOuj0R15/xuwJYjFi+KZdNFrehocChv4g5hu6aFroHue8m0lBP0POdK2nKzbw0cgV1mws8+V/JAcEkQ=="
    },
    "fault": {
      "version": "2.0.1",
      "resolved": "https://registry.npmjs.org/fault/-/fault-2.0.1.tgz",
      "integrity": "sha512-WtySTkS4OKev5JtpHXnib4Gxiurzh5NCGvWrFaZ34m6JehfTUhKZvn9njTfw48t6JumVQOmrKqpmGcdwxnhqBQ==",
      "requires": {
        "format": "^0.2.0"
      }
    },
    "format": {
      "version": "0.2.2",
      "resolved": "https://registry.npmjs.org/format/-/format-0.2.2.tgz",
      "integrity": "sha512-wzsgA6WOq+09wrU1tsJ09udeR/YZRaeArL9e1wPbFg3GG2yDnC2ldKpxs4xunpFF9DgqCqOIra3bc1HWrJ37Ww=="
    },
    "highlight.js": {
      "version": "11.6.0",
      "resolved": "https://registry.npmjs.org/highlight.js/-/highlight.js-11.6.0.tgz",
      "integrity": "sha512-ig1eqDzJaB0pqEvlPVIpSSyMaO92bH1N2rJpLMN/nX396wTpDA4Eq0uK+7I/2XG17pFaaKE0kjV/XPeGt7Evjw=="
    },
    "linkifyjs": {
      "version": "3.0.5",
      "resolved": "https://registry.npmjs.org/linkifyjs/-/linkifyjs-3.0.5.tgz",
      "integrity": "sha512-1Y9XQH65eQKA9p2xtk+zxvnTeQBG7rdAXSkUG97DmuI/Xhji9uaUzaWxRj6rf9YC0v8KKHkxav7tnLX82Sz5Fg=="
    },
    "lowlight": {
      "version": "2.7.0",
      "resolved": "https://registry.npmjs.org/lowlight/-/lowlight-2.7.0.tgz",
      "integrity": "sha512-RRdrHalFfjpxL91ITTX7KhJYH3QmX5bW9Uie2D2E5GPIR3XBYDYhScBjE291ewFZkStz/k2PN9KC+8deNLiI3Q==",
      "requires": {
        "@types/hast": "^2.0.0",
        "fault": "^2.0.0",
        "highlight.js": "~11.6.0"
      }
    },
    "orderedmap": {
      "version": "2.1.0",
      "resolved": "https://registry.npmjs.org/orderedmap/-/orderedmap-2.1.0.tgz",
      "integrity": "sha512-/pIFexOm6S70EPdznemIz3BQZoJ4VTFrhqzu0ACBqBgeLsLxq8e6Jim63ImIfwW/zAD1AlXpRMlOv3aghmo4dA=="
    },
    "prosemirror-commands": {
      "version": "1.3.1",
      "resolved": "https://registry.npmjs.org/prosemirror-commands/-/prosemirror-commands-1.3.1.tgz",
      "integrity": "sha512-XTporPgoECkOQACVw0JTe3RZGi+fls3/byqt+tXwGTkD7qLuB4KdVrJamDMJf4kfKga3uB8hZ+kUUyZ5oWpnfg==",
      "requires": {
        "prosemirror-model": "^1.0.0",
        "prosemirror-state": "^1.0.0",
        "prosemirror-transform": "^1.0.0"
      }
    },
    "prosemirror-dropcursor": {
      "version": "1.5.0",
      "resolved": "https://registry.npmjs.org/prosemirror-dropcursor/-/prosemirror-dropcursor-1.5.0.tgz",
      "integrity": "sha512-vy7i77ddKyXlu8kKBB3nlxLBnsWyKUmQIPB5x8RkYNh01QNp/qqGmdd5yZefJs0s3rtv5r7Izfu2qbtr+tYAMQ==",
      "requires": {
        "prosemirror-state": "^1.0.0",
        "prosemirror-transform": "^1.1.0",
        "prosemirror-view": "^1.1.0"
      }
    },
    "prosemirror-gapcursor": {
      "version": "1.3.1",
      "resolved": "https://registry.npmjs.org/prosemirror-gapcursor/-/prosemirror-gapcursor-1.3.1.tgz",
      "integrity": "sha512-GKTeE7ZoMsx5uVfc51/ouwMFPq0o8YrZ7Hx4jTF4EeGbXxBveUV8CGv46mSHuBBeXGmvu50guoV2kSnOeZZnUA==",
      "requires": {
        "prosemirror-keymap": "^1.0.0",
        "prosemirror-model": "^1.0.0",
        "prosemirror-state": "^1.0.0",
        "prosemirror-view": "^1.0.0"
      }
    },
    "prosemirror-history": {
      "version": "1.3.0",
      "resolved": "https://registry.npmjs.org/prosemirror-history/-/prosemirror-history-1.3.0.tgz",
      "integrity": "sha512-qo/9Wn4B/Bq89/YD+eNWFbAytu6dmIM85EhID+fz9Jcl9+DfGEo8TTSrRhP15+fFEoaPqpHSxlvSzSEbmlxlUA==",
      "requires": {
        "prosemirror-state": "^1.2.2",
        "prosemirror-transform": "^1.0.0",
        "rope-sequence": "^1.3.0"
      }
    },
    "prosemirror-keymap": {
      "version": "1.2.0",
      "resolved": "https://registry.npmjs.org/prosemirror-keymap/-/prosemirror-keymap-1.2.0.tgz",
      "integrity": "sha512-TdSfu+YyLDd54ufN/ZeD1VtBRYpgZnTPnnbY+4R08DDgs84KrIPEPbJL8t1Lm2dkljFx6xeBE26YWH3aIzkPKg==",
      "requires": {
        "prosemirror-state": "^1.0.0",
        "w3c-keyname": "^2.2.0"
      }
    },
    "prosemirror-model": {
      "version": "1.18.1",
      "resolved": "https://registry.npmjs.org/prosemirror-model/-/prosemirror-model-1.18.1.tgz",
      "integrity": "sha512-IxSVBKAEMjD7s3n8cgtwMlxAXZrC7Mlag7zYsAKDndAqnDScvSmp/UdnRTV/B33lTCVU3CCm7dyAn/rVVD0mcw==",
      "requires": {
        "orderedmap": "^2.0.0"
      }
    },
    "prosemirror-schema-list": {
      "version": "1.2.2",
      "resolved": "https://registry.npmjs.org/prosemirror-schema-list/-/prosemirror-schema-list-1.2.2.tgz",
      "integrity": "sha512-rd0pqSDp86p0MUMKG903g3I9VmElFkQpkZ2iOd3EOVg1vo5Cst51rAsoE+5IPy0LPXq64eGcCYlW1+JPNxOj2w==",
      "requires": {
        "prosemirror-model": "^1.0.0",
        "prosemirror-state": "^1.0.0",
        "prosemirror-transform": "^1.0.0"
      }
    },
    "prosemirror-state": {
      "version": "1.4.1",
      "resolved": "https://registry.npmjs.org/prosemirror-state/-/prosemirror-state-1.4.1.tgz",
      "integrity": "sha512-U/LBDW2gNmVa07sz/D229XigSdDQ5CLFwVB1Vb32MJbAHHhWe/6pOc721faI17tqw4pZ49i1xfY/jEZ9tbIhPg==",
      "requires": {
        "prosemirror-model": "^1.0.0",
        "prosemirror-transform": "^1.0.0"
      }
    },
    "prosemirror-transform": {
      "version": "1.7.0",
      "resolved": "https://registry.npmjs.org/prosemirror-transform/-/prosemirror-transform-1.7.0.tgz",
      "integrity": "sha512-O4T697Cqilw06Zvc3Wm+e237R6eZtJL/xGMliCi+Uo8VL6qHk6afz1qq0zNjT3eZMuYwnP8ZS0+YxX/tfcE9TQ==",
      "requires": {
        "prosemirror-model": "^1.0.0"
      }
    },
    "prosemirror-view": {
      "version": "1.28.2",
      "resolved": "https://registry.npmjs.org/prosemirror-view/-/prosemirror-view-1.28.2.tgz",
      "integrity": "sha512-uK28mJbu0GI8Oz7Aclt6BKL4g+C59EBShBXDB0Y9Y71H25p4bQgmLQLfDWjsT1J9XOw0bR8QQajZmdK8RvXI9g==",
      "requires": {
        "prosemirror-model": "^1.16.0",
        "prosemirror-state": "^1.0.0",
        "prosemirror-transform": "^1.1.0"
      }
    },
    "rope-sequence": {
      "version": "1.3.3",
      "resolved": "https://registry.npmjs.org/rope-sequence/-/rope-sequence-1.3.3.tgz",
      "integrity": "sha512-85aZYCxweiD5J8yTEbw+E6A27zSnLPNDL0WfPdw3YYodq7WjnTKo0q4dtyQ2gz23iPT8Q9CUyJtAaUNcTxRf5Q=="
    },
    "tippy.js": {
      "version": "6.3.7",
      "resolved": "https://registry.npmjs.org/tippy.js/-/tippy.js-6.3.7.tgz",
      "integrity": "sha512-E1d3oP2emgJ9dRQZdf3Kkn0qJgI6ZLpyS5z6ZkY1DF3kaQaBsGZsndEpHwx+eC+tYM41HaSNvNtLx8tU57FzTQ==",
      "requires": {
        "@popperjs/core": "^2.9.0"
      }
    },
    "tslib": {
      "version": "2.4.0",
      "resolved": "https://registry.npmjs.org/tslib/-/tslib-2.4.0.tgz",
      "integrity": "sha512-d6xOpEDfsi2CZVlPQzGeux8XMwLT9hssAsaPYExaQMuYskwb+x1x7J371tWlbBdWHroy99KnVB6qIkUbs5X3UQ==",
      "dev": true
    },
    "w3c-keyname": {
      "version": "2.2.6",
      "resolved": "https://registry.npmjs.org/w3c-keyname/-/w3c-keyname-2.2.6.tgz",
      "integrity": "sha512-f+fciywl1SJEniZHD6H+kUO8gOnwIr7f4ijKA6+ZvJFjeGi1r4PDLl53Ayud9O/rk64RqgoQine0feoeOU0kXg=="
    }
  }
}
